
Microsoft Visual Studio Solution File, Format Version 12.00
# Visual Studio Version 17
VisualStudioVersion = 17.6.33829.357
MinimumVisualStudioVersion = 10.0.40219.1
Project("{FAE04EC0-301F-11D3-BF4B-00C04F79EFBC}") = "LeetCode", "LeetCode\LeetCode.csproj", "{665EFC8B-06B3-41A5-96D7-94B25C2550BB}"
EndProject
Global
	GlobalSection(SolutionConfigurationPlatforms) = preSolution
		Debug|Any CPU = Debug|Any CPU
		Release|Any CPU = Release|Any CPU
	EndGlobalSection
	GlobalSection(ProjectConfigurationPlatforms) = postSolution
		{665EFC8B-06B3-41A5-96D7-94B25C2550BB}.Debug|Any CPU.ActiveCfg = Debug|Any CPU
		{665EFC8B-06B3-41A5-96D7-94B25C2550BB}.Debug|Any CPU.Build.0 = Debug|Any CPU
		{665EFC8B-06B3-41A5-96D7-94B25C2550BB}.Release|Any CPU.ActiveCfg = Release|Any CPU
		{665EFC8B-06B3-41A5-96D7-94B25C2550BB}.Release|Any CPU.Build.0 = Release|Any CPU
	EndGlobalSection
	GlobalSection(SolutionProperties) = preSolution
		HideSolutionNode = FALSE
	EndGlobalSection
	GlobalSection(ExtensibilityGlobals) = postSolution
		SolutionGuid = {3393359C-040C-461B-BED6-A9B7A487B529}
	EndGlobalSection
EndGlobal
